
Microsoft Visual Studio Solution File, Format Version 12.00
# Visual Studio 15
VisualStudioVersion = 15.0.27130.2026
MinimumVisualStudioVersion = 10.0.40219.1
Project("{FAE04EC0-301F-11D3-BF4B-00C04F79EFBC}") = "sqliteTest", "sqliteTest\sqliteTest.csproj", "{1368C133-6788-4BFB-9F0A-E89A4ACB03A8}"
EndProject
Global
	GlobalSection(SolutionConfigurationPlatforms) = preSolution
		Debug|Any CPU = Debug|Any CPU
		Release|Any CPU = Release|Any CPU
	EndGlobalSection
	GlobalSection(ProjectConfigurationPlatforms) = postSolution
		{1368C133-6788-4BFB-9F0A-E89A4ACB03A8}.Debug|Any CPU.ActiveCfg = Debug|Any CPU
		{1368C133-6788-4BFB-9F0A-E89A4ACB03A8}.Debug|Any CPU.Build.0 = Debug|Any CPU
		{1368C133-6788-4BFB-9F0A-E89A4ACB03A8}.Release|Any CPU.ActiveCfg = Release|Any CPU
		{1368C133-6788-4BFB-9F0A-E89A4ACB03A8}.Release|Any CPU.Build.0 = Release|Any CPU
	EndGlobalSection
	GlobalSection(SolutionProperties) = preSolution
		HideSolutionNode = FALSE
	EndGlobalSection
	GlobalSection(ExtensibilityGlobals) = postSolution
		SolutionGuid = {54D6387E-3981-45DE-8BAE-F9B4F5A2FF69}
	EndGlobalSection
EndGlobal
